{
	"info": {
		"_postman_id": "c2ccdfde-9f3b-419f-96c4-178113063de1",
		"name": "ray advertising",
		"schema": "https://schema.getpostman.com/json/collection/v2.1.0/collection.json",
		"_exporter_id": "44638605"
	},
	"item": [
		{
			"name": "add an item",
			"request": {
				"method": "POST",
				"header": [],
				"body": {
					"mode": "urlencoded",
					"urlencoded": [
						{
							"key": "name",
							"value": "new item",
							"type": "text"
						},
						{
							"key": "price",
							"value": "abc",
							"type": "text"
						},
						{
							"key": "description",
							"value": "a new item",
							"type": "text",
							"disabled": true
						}
					]
				},
				"url": {
					"raw": "{{baseURL}}/items",
					"host": [
						"{{baseURL}}"
					],
					"path": [
						"items"
					]
				}
			},
			"response": []
		},
		{
			"name": "get all items",
			"protocolProfileBehavior": {
				"disableBodyPruning": true
			},
			"request": {
				"method": "GET",
				"header": [],
				"body": {
					"mode": "urlencoded",
					"urlencoded": [
						{
							"key": "name",
							"value": "abc",
							"type": "text"
						},
						{
							"key": "price",
							"value": "22",
							"type": "text"
						},
						{
							"key": "description",
							"value": "abc",
							"type": "text"
						}
					]
				},
				"url": {
					"raw": "{{baseURL}}/items",
					"host": [
						"{{baseURL}}"
					],
					"path": [
						"items"
					]
				}
			},
			"response": []
		},
		{
			"name": "get one item",
			"protocolProfileBehavior": {
				"disableBodyPruning": true
			},
			"request": {
				"method": "GET",
				"header": [],
				"body": {
					"mode": "urlencoded",
					"urlencoded": [
						{
							"key": "name",
							"value": "abc",
							"type": "text"
						},
						{
							"key": "price",
							"value": "22",
							"type": "text"
						},
						{
							"key": "description",
							"value": "abc",
							"type": "text"
						}
					]
				},
				"url": {
					"raw": "{{baseURL}}/items/1",
					"host": [
						"{{baseURL}}"
					],
					"path": [
						"items",
						"1"
					]
				}
			},
			"response": []
		},
		{
			"name": "update item by id",
			"request": {
				"method": "PUT",
				"header": [],
				"body": {
					"mode": "urlencoded",
					"urlencoded": [
						{
							"key": "name",
							"value": "again",
							"type": "text"
						},
						{
							"key": "price",
							"value": "4",
							"type": "text"
						},
						{
							"key": "description",
							"value": "again",
							"type": "text"
						}
					]
				},
				"url": {
					"raw": "{{baseURL}}/items/11",
					"host": [
						"{{baseURL}}"
					],
					"path": [
						"items",
						"11"
					]
				}
			},
			"response": []
		},
		{
			"name": "delete item by id",
			"request": {
				"method": "DELETE",
				"header": [],
				"body": {
					"mode": "urlencoded",
					"urlencoded": [
						{
							"key": "name",
							"value": "abc",
							"type": "text"
						},
						{
							"key": "price",
							"value": "22",
							"type": "text"
						},
						{
							"key": "description",
							"value": "abc",
							"type": "text"
						}
					]
				},
				"url": {
					"raw": "{{baseURL}}/items/11",
					"host": [
						"{{baseURL}}"
					],
					"path": [
						"items",
						"11"
					]
				}
			},
			"response": []
		}
	]
}